
Microsoft Visual Studio Solution File, Format Version 12.00
# Visual Studio Version 17
VisualStudioVersion = 17.1.32319.34
MinimumVisualStudioVersion = 10.0.40219.1
Project("{9A19103F-16F7-4668-BE54-9A1E7A4F7556}") = "Receivers.Direct", "Receivers.Direct\Receivers.Direct.csproj", "{48DB8E58-2012-4CDB-85AB-A58B3EEA0CDC}"
EndProject
Project("{9A19103F-16F7-4668-BE54-9A1E7A4F7556}") = "EventHub.Model", "EventHub.Model\EventHub.Model.csproj", "{B4434133-28EC-4888-B975-64B69B2DD8AB}"
EndProject
Project("{FAE04EC0-301F-11D3-BF4B-00C04F79EFBC}") = "Receivers.Processor", "Receivers.Processor\Receivers.Processor.csproj", "{27A514CE-4AB2-4BC3-A0D9-A90C1ED8DFB1}"
EndProject
Global
	GlobalSection(SolutionConfigurationPlatforms) = preSolution
		Debug|Any CPU = Debug|Any CPU
		Release|Any CPU = Release|Any CPU
	EndGlobalSection
	GlobalSection(ProjectConfigurationPlatforms) = postSolution
		{48DB8E58-2012-4CDB-85AB-A58B3EEA0CDC}.Debug|Any CPU.ActiveCfg = Debug|Any CPU
		{48DB8E58-2012-4CDB-85AB-A58B3EEA0CDC}.Debug|Any CPU.Build.0 = Debug|Any CPU
		{48DB8E58-2012-4CDB-85AB-A58B3EEA0CDC}.Release|Any CPU.ActiveCfg = Release|Any CPU
		{48DB8E58-2012-4CDB-85AB-A58B3EEA0CDC}.Release|Any CPU.Build.0 = Release|Any CPU
		{B4434133-28EC-4888-B975-64B69B2DD8AB}.Debug|Any CPU.ActiveCfg = Debug|Any CPU
		{B4434133-28EC-4888-B975-64B69B2DD8AB}.Debug|Any CPU.Build.0 = Debug|Any CPU
		{B4434133-28EC-4888-B975-64B69B2DD8AB}.Release|Any CPU.ActiveCfg = Release|Any CPU
		{B4434133-28EC-4888-B975-64B69B2DD8AB}.Release|Any CPU.Build.0 = Release|Any CPU
		{27A514CE-4AB2-4BC3-A0D9-A90C1ED8DFB1}.Debug|Any CPU.ActiveCfg = Debug|Any CPU
		{27A514CE-4AB2-4BC3-A0D9-A90C1ED8DFB1}.Debug|Any CPU.Build.0 = Debug|Any CPU
		{27A514CE-4AB2-4BC3-A0D9-A90C1ED8DFB1}.Release|Any CPU.ActiveCfg = Release|Any CPU
		{27A514CE-4AB2-4BC3-A0D9-A90C1ED8DFB1}.Release|Any CPU.Build.0 = Release|Any CPU
	EndGlobalSection
	GlobalSection(SolutionProperties) = preSolution
		HideSolutionNode = FALSE
	EndGlobalSection
	GlobalSection(ExtensibilityGlobals) = postSolution
		SolutionGuid = {BB7F9761-C1B4-43C8-B83C-A95C0DAE7843}
	EndGlobalSection
EndGlobal
